# This file is autogenerated, do not edit; changes may be undone by the next 'dep ensure'.


[[projects]]
  branch = "master"
  digest = "1:582d5bc387c134c6e360604542ac443bf099c87434750077090ab675a20df2da"
  name = "github.com/abadojack/whatlanggo"
  packages = ["."]
  pruneopts = "UT"
  revision = "01d4c01a5a7c58f22e17df47209425451fb14087"

[[projects]]
  digest = "1:e47d51dab652d26c3fba6f8cba403f922d02757a82abdc77e90df7948daf296e"
  name = "github.com/deckarep/golang-set"
  packages = ["."]
  pruneopts = "UT"
  revision = "cbaa98ba5575e67703b32b4b19f73c91f3c4159e"
  version = "v1.7.1"

[[projects]]
  branch = "master"
  digest = "1:7cc7f47cf4e6f9be30f0e38934f6470cf4c35c9479350bc5e764d3e428018e2e"
  name = "github.com/emersion/go-sasl"
  packages = ["."]
  pruneopts = "UT"
  revision = "7e096a0a6197b89989e8cc31016daa67c8c62051"

[[projects]]
  branch = "master"
  digest = "1:70c72a8158245019fc5ba8afa9ba077802a362fa8ad375f756547253653a9c0d"
  name = "github.com/emersion/go-smtp"
  packages = ["."]
  pruneopts = "UT"
  revision = "7162b2ca3bcbc23985fd44e0b0a1fd80185119a6"

[[projects]]
  branch = "master"
  digest = "1:36fa85e032e5aac57d4957b73477b5f245df3621530efd48a6a176d0b284e844"
  name = "github.com/h2non/filetype"
  packages = [
    ".",
    "matchers",
    "types",
  ]
  pruneopts = "UT"
  revision = "9b67683b26254dc204d4b0003ffa77aa8192d818"

[[projects]]
  branch = "v2"
  digest = "1:ff398a1169e0ad11c0537c341fcbc9b4be7e34143886b34352ff1005d45b3ab4"
  name = "github.com/jdkato/prose"
  packages = ["."]
  pruneopts = "UT"
  revision = "767a23049b9e59ef675496a9406a1e456bc5ad6e"

[[projects]]
  digest = "1:182d7188a25f6d3787782ec6d36cc6c35ebdf190d557f94256ef8ffbee3a6d9b"
  name = "github.com/kljensen/snowball"
  packages = [
    ".",
    "english",
    "french",
    "norwegian",
    "romance",
    "russian",
    "snowballword",
    "spanish",
    "swedish",
  ]
  pruneopts = "UT"
  revision = "7357118e6a5c7edd7d0c70028b6e52b762250b6f"
  version = "v0.6.0"

[[projects]]
  digest = "1:b3126a5e167f640c5943eb641489baec30bbbb995a9741b905d7c05239412d4b"
  name = "github.com/mingrammer/commonregex"
  packages = ["."]
  pruneopts = "UT"
  revision = "6565f25cf48f171541d423805a62917ea02f7d65"
  version = "v1.0.0"

[[projects]]
  digest = "1:246ab598a22ea9d50f46e65f655f78161a19822f6597268b02f04af998684807"
  name = "github.com/montanaflynn/stats"
  packages = ["."]
  pruneopts = "UT"
  revision = "1bf9dbcd8cbe1fdb75add3785b1d4a9a646269ab"
  version = "0.3.0"

[[projects]]
  digest = "1:0d72291ecb10a37e75f0484eb8e700b0cffbd2501f6e63b282028dcc7830d33c"
  name = "github.com/mvdan/xurls"
  packages = ["."]
  pruneopts = "UT"
  revision = "e52e821cbfe8fe163ff6f8628ab5869b11fc05af"
  version = "v2.0.0"

[[projects]]
  branch = "master"
  digest = "1:ee17941a5735b6d19dba62d5b56c8a4d86361714bd947aa26a0b62e4c10f90bb"
  name = "github.com/phalaaxx/milter"
  packages = ["."]
  pruneopts = "UT"
  revision = "ddacab85d2fa3e5259615c3996b0364a605d747e"

[[projects]]
  branch = "master"
  digest = "1:7e2fd0a8b4a6c06c36dedeefe825e05a2548e835f614e4a3b4dae8eaef7192c9"
  name = "github.com/storozhukBM/verifier"
  packages = ["."]
  pruneopts = "UT"
  revision = "694d046345c0bd70098b213be5f8e0fa19f9d402"

[[projects]]
  digest = "1:b24d38b282bacf9791408a080f606370efa3d364e4b5fd9ba0f7b87786d3b679"
  name = "github.com/urfave/cli"
  packages = ["."]
  pruneopts = "UT"
  revision = "cfb38830724cc34fedffe9a2a29fb54fa9169cd1"
  version = "v1.20.0"

[[projects]]
  branch = "master"
  digest = "1:1a1ecfa7b54ca3f7a0115ab5c578d7d6a5d8b605839c549e80260468c42f8be7"
  name = "golang.org/x/net"
  packages = [
    "html",
    "html/atom",
  ]
  pruneopts = "UT"
  revision = "adae6a3d119ae4890b46832a2e88a95adc62b8e7"

[[projects]]
  branch = "master"
  digest = "1:b521f10a2d8fa85c04a8ef4e62f2d1e14d303599a55d64dabf9f5a02f84d35eb"
  name = "golang.org/x/sync"
  packages = ["errgroup"]
  pruneopts = "UT"
  revision = "42b317875d0fa942474b76e1b46a6060d720ae6e"

[[projects]]
  branch = "master"
  digest = "1:e0ecf92722206929511338ca09d5385e2d85dcae78e083e148df10a19e0adea7"
  name = "golang.org/x/text"
  packages = [
    "encoding",
    "encoding/charmap",
    "encoding/htmlindex",
    "encoding/internal",
    "encoding/internal/identifier",
    "encoding/japanese",
    "encoding/korean",
    "encoding/simplifiedchinese",
    "encoding/traditionalchinese",
    "encoding/unicode",
    "internal/gen",
    "internal/language",
    "internal/language/compact",
    "internal/tag",
    "internal/utf8internal",
    "language",
    "runes",
    "transform",
    "unicode/cldr",
  ]
  pruneopts = "UT"
  revision = "6f44c5a2ea40ee3593d98cdcc905cc1fdaa660e2"

[[projects]]
  branch = "master"
  digest = "1:b8cfecc96c8118876e0c7962a265f8c1e672a98c1837fdb8a1490caebf195be9"
  name = "gonum.org/v1/gonum"
  packages = [
    "blas",
    "blas/blas64",
    "blas/gonum",
    "floats",
    "internal/asm/c128",
    "internal/asm/f32",
    "internal/asm/f64",
    "internal/math32",
    "lapack",
    "lapack/gonum",
    "lapack/lapack64",
    "mat",
  ]
  pruneopts = "UT"
  revision = "d752f8fef7d8a1395483533e88a193258eade182"

[[projects]]
  digest = "1:85b60f4403e2aae0eee2ac2ba50e4124dea766b582c6ec0d94fb1335d9c0d16e"
  name = "gopkg.in/neurosnap/sentences.v1"
  packages = [
    ".",
    "data",
  ]
  pruneopts = "UT"
  revision = "a7f18ead1433a139742a8b42ce7a059cfb484d60"
  version = "v1.0.6"

[solve-meta]
  analyzer-name = "dep"
  analyzer-version = 1
  input-imports = [
    "github.com/abadojack/whatlanggo",
    "github.com/emersion/go-smtp",
    "github.com/h2non/filetype",
    "github.com/jdkato/prose",
    "github.com/kljensen/snowball",
    "github.com/mvdan/xurls",
    "github.com/phalaaxx/milter",
    "github.com/storozhukBM/verifier",
    "github.com/urfave/cli",
    "golang.org/x/net/html",
    "golang.org/x/sync/errgroup",
    "golang.org/x/text/encoding",
    "golang.org/x/text/encoding/charmap",
    "golang.org/x/text/encoding/htmlindex",
    "golang.org/x/text/encoding/unicode",
  ]
  solver-name = "gps-cdcl"
  solver-version = 1
