# This file is autogenerated, do not edit; changes may be undone by the next 'dep ensure'.


[[projects]]
  digest = "1:c99bd4548f502371b98c77534239a514c9a1e715d468af3c108db06186aa692a"
  name = "github.com/DataDog/zstd"
  packages = ["."]
  pruneopts = "UT"
  revision = "aebefd9fcb99f22cd691ef778a12ed68f0e6a1ab"
  version = "v1.3.4"

[[projects]]
  digest = "1:8b36a2a5ed2e66e577c35f9b0f770b4653977a025a59088ba4fd2fbbaa948382"
  name = "github.com/DavidBelicza/TextRank"
  packages = [
    ".",
    "convert",
    "parse",
    "rank",
  ]
  pruneopts = "UT"
  revision = "79e14bab980af3a1c9f4f5b73672ae1ef18ab732"
  version = "v2.1.1"

[[projects]]
  digest = "1:a59a467c541a1bf8b06e4fad6113028c959be6573b78ceca9f8020cd0d2127fc"
  name = "github.com/Shopify/sarama"
  packages = ["."]
  pruneopts = "UT"
  revision = "879f631812a30a580659e8035e7cda9994bb99ac"
  version = "v1.20.0"

[[projects]]
  branch = "master"
  digest = "1:582d5bc387c134c6e360604542ac443bf099c87434750077090ab675a20df2da"
  name = "github.com/abadojack/whatlanggo"
  packages = ["."]
  pruneopts = "UT"
  revision = "01d4c01a5a7c58f22e17df47209425451fb14087"

[[projects]]
  digest = "1:e2921241c77283579f383d04139a68aaca100668a26de5e1bc56d29d896ee304"
  name = "github.com/ahmetb/go-linq"
  packages = ["."]
  pruneopts = "UT"
  revision = "7e71c124c1f903df09ca08678f145f68b45d125e"
  version = "v3.0.0"

[[projects]]
  digest = "1:bb9a12729bb4b84e37787675f48de96f2e2c60d9a771af7f98155c4205c24d51"
  name = "github.com/alecthomas/chroma"
  packages = [
    ".",
    "formatters",
    "formatters/html",
    "lexers",
    "lexers/a",
    "lexers/b",
    "lexers/c",
    "lexers/circular",
    "lexers/d",
    "lexers/e",
    "lexers/f",
    "lexers/g",
    "lexers/h",
    "lexers/i",
    "lexers/internal",
    "lexers/j",
    "lexers/k",
    "lexers/l",
    "lexers/m",
    "lexers/n",
    "lexers/o",
    "lexers/p",
    "lexers/q",
    "lexers/r",
    "lexers/s",
    "lexers/t",
    "lexers/v",
    "lexers/w",
    "lexers/x",
    "lexers/y",
    "quick",
    "styles",
  ]
  pruneopts = "UT"
  revision = "5a473179cfe450c6d80407452c241428de387f6b"
  version = "v0.6.0"

[[projects]]
  digest = "1:47fd1237abeac1246a1e690f3c6c8e8c5b963b5bf946be4f9c8210453a502a11"
  name = "github.com/awnumar/memguard"
  packages = [
    ".",
    "memcall",
  ]
  pruneopts = "UT"
  revision = "f431f51ecd92dc926a5084ac3e9c89080ec7edf4"
  version = "v0.15.0"

[[projects]]
  branch = "master"
  digest = "1:d6afaeed1502aa28e80a4ed0981d570ad91b2579193404256ce672ed0a609e0d"
  name = "github.com/beorn7/perks"
  packages = ["quantile"]
  pruneopts = "UT"
  revision = "3a771d992973f24aa725d07868b467d1ddfceafb"

[[projects]]
  branch = "master"
  digest = "1:f12d4a7128c80c6d7b5ef3a7b9f1501d9166b3afa58a6b4c75e1688c4578bbad"
  name = "github.com/blabber/mbox"
  packages = ["."]
  pruneopts = "UT"
  revision = "1ce958f907de4a9e5419e827f24ca8615e28995d"

[[projects]]
  digest = "1:efe49e0531456ffd6549e1cf5a01144d954498cd93da009e25485dc73a8002ed"
  name = "github.com/chrisport/go-lang-detector"
  packages = [
    "langdet",
    "langdet/internal",
    "langdet/langdetdef",
  ]
  pruneopts = "UT"
  revision = "19cc075c564bc8cc0da0d90dd382c475a1b61c78"
  version = "v0.2"

[[projects]]
  branch = "master"
  digest = "1:710109527a119c813d4fac773712dd92f449ed7c2f7b81f49822f94d290c8f72"
  name = "github.com/danwakefield/fnmatch"
  packages = ["."]
  pruneopts = "UT"
  revision = "cbb64ac3d964b81592e64f957ad53df015803288"

[[projects]]
  digest = "1:ffe9824d294da03b391f44e1ae8281281b4afc1bdaa9588c9097785e3af10cec"
  name = "github.com/davecgh/go-spew"
  packages = ["spew"]
  pruneopts = "UT"
  revision = "8991bc29aa16c548c550c7ff78260e27b9ab7c73"
  version = "v1.1.1"

[[projects]]
  digest = "1:e47d51dab652d26c3fba6f8cba403f922d02757a82abdc77e90df7948daf296e"
  name = "github.com/deckarep/golang-set"
  packages = ["."]
  pruneopts = "UT"
  revision = "cbaa98ba5575e67703b32b4b19f73c91f3c4159e"
  version = "v1.7.1"

[[projects]]
  digest = "1:72dc2b6056e7097f829260e4a2ff08d32fec6017df1982a66e110ab4128486f8"
  name = "github.com/dlclark/regexp2"
  packages = [
    ".",
    "syntax",
  ]
  pruneopts = "UT"
  revision = "487489b64fb796de2e55f4e8a4ad1e145f80e957"
  version = "v1.1.6"

[[projects]]
  digest = "1:1f0c7ab489b407a7f8f9ad16c25a504d28ab461517a971d341388a56156c1bd7"
  name = "github.com/eapache/go-resiliency"
  packages = ["breaker"]
  pruneopts = "UT"
  revision = "ea41b0fad31007accc7f806884dcdf3da98b79ce"
  version = "v1.1.0"

[[projects]]
  branch = "master"
  digest = "1:79f16588b5576b1b3cd90e48d2374cc9a1a8776862d28d8fd0f23b0e15534967"
  name = "github.com/eapache/go-xerial-snappy"
  packages = ["."]
  pruneopts = "UT"
  revision = "776d5712da21bc4762676d614db1d8a64f4238b0"

[[projects]]
  digest = "1:444b82bfe35c83bbcaf84e310fb81a1f9ece03edfed586483c869e2c046aef69"
  name = "github.com/eapache/queue"
  packages = ["."]
  pruneopts = "UT"
  revision = "44cc805cf13205b55f69e14bcb69867d1ae92f98"
  version = "v1.1.0"

[[projects]]
  branch = "v1"
  digest = "1:9d70c708f7aa76564b27d1073fe1c213ce4790d083892e84783f481c93bd1764"
  name = "github.com/emersion/go-imap"
  packages = [
    ".",
    "backend",
    "client",
    "commands",
    "responses",
    "server",
    "utf7",
  ]
  pruneopts = "UT"
  revision = "5624370d373684a22740d08438dd4318ad41b9fe"

[[projects]]
  branch = "master"
  digest = "1:f752489f4a067eb22e6e04150394ff4ed145af9f8922bd29e2f5767809ab438c"
  name = "github.com/emersion/go-imap-compress"
  packages = ["."]
  pruneopts = "UT"
  revision = "f036eda446815469cea9e334748d166a33fbe270"

[[projects]]
  branch = "master"
  digest = "1:13ef30fd7e97dd46c8d345e80e10c320c3b0feb13cefe590ed7cc70e9d26b6b6"
  name = "github.com/emersion/go-imap-idle"
  packages = ["."]
  pruneopts = "UT"
  revision = "2af93776db6b042cc1116b0d0af00d7f58eea696"

[[projects]]
  branch = "master"
  digest = "1:49c792ad11eb4a18662772f40d39c9cf07bba2d0b3f3306c0d8498b8c9b0923b"
  name = "github.com/emersion/go-message"
  packages = ["charset"]
  pruneopts = "UT"
  revision = "63ac8399c1e4c07ca2a233b0fa6d205694c7bdbe"

[[projects]]
  branch = "master"
  digest = "1:7cc7f47cf4e6f9be30f0e38934f6470cf4c35c9479350bc5e764d3e428018e2e"
  name = "github.com/emersion/go-sasl"
  packages = ["."]
  pruneopts = "UT"
  revision = "7e096a0a6197b89989e8cc31016daa67c8c62051"

[[projects]]
  branch = "master"
  digest = "1:70c72a8158245019fc5ba8afa9ba077802a362fa8ad375f756547253653a9c0d"
  name = "github.com/emersion/go-smtp"
  packages = ["."]
  pruneopts = "UT"
  revision = "7162b2ca3bcbc23985fd44e0b0a1fd80185119a6"

[[projects]]
  digest = "1:abeb38ade3f32a92943e5be54f55ed6d6e3b6602761d74b4aab4c9dd45c18abd"
  name = "github.com/fsnotify/fsnotify"
  packages = ["."]
  pruneopts = "UT"
  revision = "c2828203cd70a50dcccfb2761f8b1f8ceef9a8e9"
  version = "v1.4.7"

[[projects]]
  branch = "master"
  digest = "1:1646ca0ad98a88f1b5cb908180ef61b4af314d69d6e0d9479bf2460d3f4da010"
  name = "github.com/gabriel-vasile/mimetype"
  packages = [
    ".",
    "matchers",
    "matchers/json",
  ]
  pruneopts = "UT"
  revision = "077d38b2e891226c1c26813f863747c94b5b7d7c"

[[projects]]
  branch = "master"
  digest = "1:36fe9527deed01d2a317617e59304eb2c4ce9f8a24115bcc5c2e37b3aee5bae4"
  name = "github.com/gin-contrib/sse"
  packages = ["."]
  pruneopts = "UT"
  revision = "22d885f9ecc78bf4ee5d72b937e4bbcdc58e8cae"

[[projects]]
  digest = "1:d5083934eb25e45d17f72ffa86cae3814f4a9d6c073c4f16b64147169b245606"
  name = "github.com/gin-gonic/gin"
  packages = [
    ".",
    "binding",
    "json",
    "render",
  ]
  pruneopts = "UT"
  revision = "b869fe1415e4b9eb52f247441830d502aece2d4d"
  version = "v1.3.0"

[[projects]]
  digest = "1:c3957c9c9dc7beb125fdc93c920957d0305fe66dc48712a600f8790ce9354254"
  name = "github.com/go-cmd/cmd"
  packages = ["."]
  pruneopts = "UT"
  revision = "db1a8287640cedff487674c2f4439805b58f42aa"
  version = "v1.0.4"

[[projects]]
  branch = "v2"
  digest = "1:e096ada745e034a059752c202717baee0379b69db9473a90f59d103c973384cf"
  name = "github.com/go-gomail/gomail"
  packages = ["."]
  pruneopts = "UT"
  revision = "81ebce5c23dfd25c6c67194b37d3dd3f338c98b1"

[[projects]]
  digest = "1:34a9a60fade37f8009ed4a19e02924198aba3eabfcc120ee5c6002b7de17212d"
  name = "github.com/go-redis/redis"
  packages = [
    ".",
    "internal",
    "internal/consistenthash",
    "internal/hashtag",
    "internal/pool",
    "internal/proto",
    "internal/singleflight",
    "internal/util",
  ]
  pruneopts = "UT"
  revision = "b3d9bf10f6666b2ee5100a6f3f84f4caf3b4e37d"
  version = "v6.14.2"

[[projects]]
  digest = "1:586ea76dbd0374d6fb649a91d70d652b7fe0ccffb8910a77468e7702e7901f3d"
  name = "github.com/go-stack/stack"
  packages = ["."]
  pruneopts = "UT"
  revision = "2fee6af1a9795aafbe0253a0cfbdf668e1fb8a9a"
  version = "v1.8.0"

[[projects]]
  digest = "1:97df918963298c287643883209a2c3f642e6593379f97ab400c2a2e219ab647d"
  name = "github.com/golang/protobuf"
  packages = ["proto"]
  pruneopts = "UT"
  revision = "aa810b61a9c79d51363740d207bb46cf8e620ed5"
  version = "v1.2.0"

[[projects]]
  branch = "master"
  digest = "1:4a0c6bb4805508a6287675fac876be2ac1182539ca8a32468d8128882e9d5009"
  name = "github.com/golang/snappy"
  packages = ["."]
  pruneopts = "UT"
  revision = "2e65f85255dbc3072edf28d6b5b8efc472979f5a"

[[projects]]
  branch = "master"
  digest = "1:36fa85e032e5aac57d4957b73477b5f245df3621530efd48a6a176d0b284e844"
  name = "github.com/h2non/filetype"
  packages = [
    ".",
    "matchers",
    "types",
  ]
  pruneopts = "UT"
  revision = "9b67683b26254dc204d4b0003ffa77aa8192d818"

[[projects]]
  branch = "master"
  digest = "1:e96640e5b9ce93e2d7ee18f48048483080fd23e72e3c38bc17e9c8b77062031a"
  name = "github.com/inconshreveable/log15"
  packages = ["."]
  pruneopts = "UT"
  revision = "67afb5ed74ec82fd7ac8f49d27c509ac6f991970"

[[projects]]
  branch = "master"
  digest = "1:8bacc2118e6cc6a207eb144656537ff7ee0397f8bc8c1f7639519b0de2bb949a"
  name = "github.com/jaytaylor/html2text"
  packages = ["."]
  pruneopts = "UT"
  revision = "57d518f124b0cf46ea2021f25a01396b3522e6fb"

[[projects]]
  branch = "v2"
  digest = "1:ff398a1169e0ad11c0537c341fcbc9b4be7e34143886b34352ff1005d45b3ab4"
  name = "github.com/jdkato/prose"
  packages = ["."]
  pruneopts = "UT"
  revision = "767a23049b9e59ef675496a9406a1e456bc5ad6e"

[[projects]]
  branch = "master"
  digest = "1:2c73f0318e9e0f972a39ced70b2648f2764259938bb15ac9daed20f4d49da70f"
  name = "github.com/jordic/goics"
  packages = ["."]
  pruneopts = "UT"
  revision = "feb996c8e01f48a15f84459592b5d1993e12f0ec"

[[projects]]
  digest = "1:3e551bbb3a7c0ab2a2bf4660e7fcad16db089fdcfbb44b0199e62838038623ea"
  name = "github.com/json-iterator/go"
  packages = ["."]
  pruneopts = "UT"
  revision = "1624edc4454b8682399def8740d46db5e4362ba4"
  version = "v1.1.5"

[[projects]]
  digest = "1:182d7188a25f6d3787782ec6d36cc6c35ebdf190d557f94256ef8ffbee3a6d9b"
  name = "github.com/kljensen/snowball"
  packages = [
    ".",
    "english",
    "french",
    "norwegian",
    "romance",
    "russian",
    "snowballword",
    "spanish",
    "swedish",
  ]
  pruneopts = "UT"
  revision = "7357118e6a5c7edd7d0c70028b6e52b762250b6f"
  version = "v0.6.0"

[[projects]]
  digest = "1:c658e84ad3916da105a761660dcaeb01e63416c8ec7bc62256a9b411a05fcd67"
  name = "github.com/mattn/go-colorable"
  packages = ["."]
  pruneopts = "UT"
  revision = "167de6bfdfba052fa6b2d3664c8f5272e23c9072"
  version = "v0.0.9"

[[projects]]
  digest = "1:0981502f9816113c9c8c4ac301583841855c8cf4da8c72f696b3ebedf6d0e4e5"
  name = "github.com/mattn/go-isatty"
  packages = ["."]
  pruneopts = "UT"
  revision = "6ca4dbf54d38eea1a992b3c722a76a5d1c4cb25c"
  version = "v0.0.4"

[[projects]]
  digest = "1:0356f3312c9bd1cbeda81505b7fd437501d8e778ab66998ef69f00d7f9b3a0d7"
  name = "github.com/mattn/go-runewidth"
  packages = ["."]
  pruneopts = "UT"
  revision = "3ee7d812e62a0804a7d0a324e0249ca2db3476d3"
  version = "v0.0.4"

[[projects]]
  digest = "1:ff5ebae34cfbf047d505ee150de27e60570e8c394b3b8fdbb720ff6ac71985fc"
  name = "github.com/matttproud/golang_protobuf_extensions"
  packages = ["pbutil"]
  pruneopts = "UT"
  revision = "c12348ce28de40eed0136aa2b644d0ee0650e56c"
  version = "v1.0.1"

[[projects]]
  digest = "1:b3126a5e167f640c5943eb641489baec30bbbb995a9741b905d7c05239412d4b"
  name = "github.com/mingrammer/commonregex"
  packages = ["."]
  pruneopts = "UT"
  revision = "6565f25cf48f171541d423805a62917ea02f7d65"
  version = "v1.0.0"

[[projects]]
  digest = "1:33422d238f147d247752996a26574ac48dcf472976eda7f5134015f06bf16563"
  name = "github.com/modern-go/concurrent"
  packages = ["."]
  pruneopts = "UT"
  revision = "bacd9c7ef1dd9b15be4a9909b8ac7a4e313eec94"
  version = "1.0.3"

[[projects]]
  digest = "1:e32bdbdb7c377a07a9a46378290059822efdce5c8d96fe71940d87cb4f918855"
  name = "github.com/modern-go/reflect2"
  packages = ["."]
  pruneopts = "UT"
  revision = "4b7aa43c6742a2c18fdef89dd197aaae7dac7ccd"
  version = "1.0.1"

[[projects]]
  digest = "1:246ab598a22ea9d50f46e65f655f78161a19822f6597268b02f04af998684807"
  name = "github.com/montanaflynn/stats"
  packages = ["."]
  pruneopts = "UT"
  revision = "1bf9dbcd8cbe1fdb75add3785b1d4a9a646269ab"
  version = "0.3.0"

[[projects]]
  digest = "1:b8a91524c7e262bcf2fde6e6bdcebfcaa6450ad073af6df6301fd5f6c32a838b"
  name = "github.com/moovweb/rubex"
  packages = ["."]
  pruneopts = "UT"
  revision = "cb849acea6148000db8a55743f71476b0897ea41"
  version = "6.3.107"

[[projects]]
  branch = "master"
  digest = "1:bb1fc4f42f344d96598e9bac81434b7d89032ae0b323aa632d9adc41b3477dc4"
  name = "github.com/mostlygeek/go-exiftool"
  packages = ["."]
  pruneopts = "UT"
  revision = "2ef098095ac715e2b9d9e49f9f0240fbd860e1e5"

[[projects]]
  digest = "1:0d72291ecb10a37e75f0484eb8e700b0cffbd2501f6e63b282028dcc7830d33c"
  name = "github.com/mvdan/xurls"
  packages = ["."]
  pruneopts = "UT"
  revision = "e52e821cbfe8fe163ff6f8628ab5869b11fc05af"
  version = "v2.0.0"

[[projects]]
  branch = "master"
  digest = "1:cdc33c982f0dadfc7472e5be7164341891b6a1b450026cc4718e7b85b7e0dae1"
  name = "github.com/nwaples/rardecode"
  packages = ["."]
  pruneopts = "UT"
  revision = "197ef08ef68c4454ae5970a9c2692d6056ceb8d7"

[[projects]]
  digest = "1:4f5513cb656b73fb4c4f77ccd482c8366d6290278564d2b1d3285f45e45f4a1e"
  name = "github.com/oklog/ulid"
  packages = ["."]
  pruneopts = "UT"
  revision = "02a8604050d8466dd915307496174adb9be4593a"
  version = "v1.3.1"

[[projects]]
  digest = "1:abcdbf03ca6ca13d3697e2186edc1f33863bbdac2b3a44dfa39015e8903f7409"
  name = "github.com/olekukonko/tablewriter"
  packages = ["."]
  pruneopts = "UT"
  revision = "e6d60cf7ba1f42d86d54cdf5508611c4aafb3970"
  version = "v0.0.1"

[[projects]]
  digest = "1:2e8bdbc8a11d716dab1bf66d326285d7e5c92fa4c996c1574ba1153e57534b85"
  name = "github.com/oschwald/geoip2-golang"
  packages = ["."]
  pruneopts = "UT"
  revision = "7118115686e16b77967cdbf55d1b944fe14ad312"
  version = "v1.2.1"

[[projects]]
  digest = "1:07e8589503b7ec22430dae6eed6f2c17e4249ab245574f4fd0ba8fc9c597d138"
  name = "github.com/oschwald/maxminddb-golang"
  packages = ["."]
  pruneopts = "UT"
  revision = "c5bec84d1963260297932a1b7a1753c8420717a7"
  version = "v1.3.0"

[[projects]]
  branch = "master"
  digest = "1:ee17941a5735b6d19dba62d5b56c8a4d86361714bd947aa26a0b62e4c10f90bb"
  name = "github.com/phalaaxx/milter"
  packages = ["."]
  pruneopts = "UT"
  revision = "ddacab85d2fa3e5259615c3996b0364a605d747e"

[[projects]]
  digest = "1:5e73b34a27d827212102605789de00bd411b2e434812133c83935fe9897c75e1"
  name = "github.com/philhofer/fwd"
  packages = ["."]
  pruneopts = "UT"
  revision = "bb6d471dc95d4fe11e432687f8b70ff496cf3136"
  version = "v1.0.0"

[[projects]]
  digest = "1:e39a5ee8fcbec487f8fc68863ef95f2b025e0739b0e4aa55558a2b4cf8f0ecf0"
  name = "github.com/pierrec/lz4"
  packages = [
    ".",
    "internal/xxh32",
  ]
  pruneopts = "UT"
  revision = "635575b42742856941dbc767b44905bb9ba083f6"
  version = "v2.0.7"

[[projects]]
  digest = "1:40e195917a951a8bf867cd05de2a46aaf1806c50cf92eebf4c16f78cd196f747"
  name = "github.com/pkg/errors"
  packages = ["."]
  pruneopts = "UT"
  revision = "645ef00459ed84a119197bfb8d8205042c6df63d"
  version = "v0.8.0"

[[projects]]
  digest = "1:93a746f1060a8acbcf69344862b2ceced80f854170e1caae089b2834c5fbf7f4"
  name = "github.com/prometheus/client_golang"
  packages = [
    "prometheus",
    "prometheus/internal",
    "prometheus/promhttp",
  ]
  pruneopts = "UT"
  revision = "505eaef017263e299324067d40ca2c48f6a2cf50"
  version = "v0.9.2"

[[projects]]
  branch = "master"
  digest = "1:2d5cd61daa5565187e1d96bae64dbbc6080dacf741448e9629c64fd93203b0d4"
  name = "github.com/prometheus/client_model"
  packages = ["go"]
  pruneopts = "UT"
  revision = "5c3871d89910bfb32f5fcab2aa4b9ec68e65a99f"

[[projects]]
  branch = "master"
  digest = "1:db712fde5d12d6cdbdf14b777f0c230f4ff5ab0be8e35b239fc319953ed577a4"
  name = "github.com/prometheus/common"
  packages = [
    "expfmt",
    "internal/bitbucket.org/ww/goautoneg",
    "model",
  ]
  pruneopts = "UT"
  revision = "4724e9255275ce38f7179b2478abeae4e28c904f"

[[projects]]
  branch = "master"
  digest = "1:d39e7c7677b161c2dd4c635a2ac196460608c7d8ba5337cc8cae5825a2681f8f"
  name = "github.com/prometheus/procfs"
  packages = [
    ".",
    "internal/util",
    "nfs",
    "xfs",
  ]
  pruneopts = "UT"
  revision = "1dc9a6cbc91aacc3e8b2d63db4d2e957a5394ac4"

[[projects]]
  digest = "1:9c503b940e8ed53089884e7075f98a3de403e7a72313eb81262b0c11b0026513"
  name = "github.com/rafaeljesus/rabbus"
  packages = [
    ".",
    "internal/amqp",
  ]
  pruneopts = "UT"
  revision = "f0fbeaa2171274f03ddda6bd13b9a9c79d4863ba"
  version = "v2.2.1"

[[projects]]
  branch = "master"
  digest = "1:e65b85a32c2aaf1fefbc03721573929fe08cfc0198f63167b56aaa19c27a1fb1"
  name = "github.com/rafaeljesus/retry-go"
  packages = ["."]
  pruneopts = "UT"
  revision = "5981a380a87925ee03a78a7ff13574fabc804837"

[[projects]]
  branch = "master"
  digest = "1:d38f81081a389f1466ec98192cf9115a82158854d6f01e1c23e2e7554b97db71"
  name = "github.com/rcrowley/go-metrics"
  packages = ["."]
  pruneopts = "UT"
  revision = "3113b8401b8a98917cde58f8bbd42a1b1c03b1fd"

[[projects]]
  digest = "1:2ee0f15eb0fb04f918db7c2dcf39745f40d69f798ef171610a730e8a56aaa4fd"
  name = "github.com/russross/blackfriday"
  packages = ["."]
  pruneopts = "UT"
  revision = "d3b5b032dc8e8927d31a5071b56e14c89f045135"
  version = "v2.0.1"

[[projects]]
  digest = "1:a79502742652bac9b1772edacd2a1555a2afaf6299d5574f898a05c31eb590c6"
  name = "github.com/schollz/pake"
  packages = ["."]
  pruneopts = "UT"
  revision = "0a79a6b2faf9e984b8663f8c4a32175067857727"
  version = "v1.1.0"

[[projects]]
  branch = "master"
  digest = "1:def689e73e9252f6f7fe66834a76751a41b767e03daab299e607e7226c58a855"
  name = "github.com/shurcooL/sanitized_anchor_name"
  packages = ["."]
  pruneopts = "UT"
  revision = "86672fcb3f950f35f2e675df2240550f2a50762f"

[[projects]]
  digest = "1:f7805d1cc7776d00da2aa3dbacf85927e58e6dad630ba9f3ea5b92d719f96269"
  name = "github.com/sony/gobreaker"
  packages = ["."]
  pruneopts = "UT"
  revision = "e9556a45379ef1da12e54847edb2fb3d7d566f36"
  version = "0.3.0"

[[projects]]
  branch = "master"
  digest = "1:362b269942e8508aed33025593090ad4cdbd9077de4b1cd505e6124728e9e856"
  name = "github.com/ssor/bom"
  packages = ["."]
  pruneopts = "UT"
  revision = "6386211fdfcf24c0bfbdaceafd02849ed9a8a509"

[[projects]]
  branch = "master"
  digest = "1:7e2fd0a8b4a6c06c36dedeefe825e05a2548e835f614e4a3b4dae8eaef7192c9"
  name = "github.com/storozhukBM/verifier"
  packages = ["."]
  pruneopts = "UT"
  revision = "694d046345c0bd70098b213be5f8e0fa19f9d402"

[[projects]]
  branch = "master"
  digest = "1:525ac3364813b4688df380594e562133e07830dfce0722effda64b37634c13d0"
  name = "github.com/streadway/amqp"
  packages = ["."]
  pruneopts = "UT"
  revision = "a314942b2fd9dde7a3f70ba3f1062848ce6eb392"

[[projects]]
  branch = "master"
  digest = "1:c97e8a5e5c435c3287f581cdb4441ba34577ec6ead8422bfedafa6269af7abf6"
  name = "github.com/tinylib/msgp"
  packages = ["msgp"]
  pruneopts = "UT"
  revision = "af6442a0fcf6e2a1b824f70dd0c734f01e817751"

[[projects]]
  branch = "master"
  digest = "1:2699f40ea73866f38eccb385738750a71a05cec654f029e78f620caccefd85e4"
  name = "github.com/toqueteos/trie"
  packages = ["."]
  pruneopts = "UT"
  revision = "56fed4a05683322f125e2d78ee269bb102280392"

[[projects]]
  branch = "master"
  digest = "1:c476b395b8404b7aff516638ddcebbf09a4f0ce1830c96316344ebe7bce2ed65"
  name = "github.com/tscholl2/siec"
  packages = ["."]
  pruneopts = "UT"
  revision = "21667da059379fb25d7ec616683cb2574de16dc8"

[[projects]]
  digest = "1:3c1a69cdae3501bf75e76d0d86dc6f2b0a7421bc205c0cb7b96b19eed464a34d"
  name = "github.com/uber-go/atomic"
  packages = ["."]
  pruneopts = "UT"
  revision = "1ea20fb1cbb1cc08cbd0d913a96dead89aa18289"
  version = "v1.3.2"

[[projects]]
  digest = "1:03aa6e485e528acb119fb32901cf99582c380225fc7d5a02758e08b180cb56c3"
  name = "github.com/ugorji/go"
  packages = ["codec"]
  pruneopts = "UT"
  revision = "b4c50a2b199d93b13dc15e78929cfb23bfdf21ab"
  version = "v1.1.1"

[[projects]]
  digest = "1:b24d38b282bacf9791408a080f606370efa3d364e4b5fd9ba0f7b87786d3b679"
  name = "github.com/urfave/cli"
  packages = ["."]
  pruneopts = "UT"
  revision = "cfb38830724cc34fedffe9a2a29fb54fa9169cd1"
  version = "v1.20.0"

[[projects]]
  branch = "master"
  digest = "1:0dfba983988bcd90e6dd30b9bfdb9685ff530dbf61db3706e55372e975b1d8bc"
  name = "github.com/xi2/xz"
  packages = ["."]
  pruneopts = "UT"
  revision = "48954b6210f8d154cb5f8484d3a3e1f83489309e"

[[projects]]
  branch = "master"
  digest = "1:9bef1b74ae76b140542d5fbf465202f5e64462d9c8658c27bb31a150fff5a54c"
  name = "golang.org/x/crypto"
  packages = [
    "bcrypt",
    "blowfish",
    "internal/subtle",
    "nacl/secretbox",
    "poly1305",
    "salsa20/salsa",
  ]
  pruneopts = "UT"
  revision = "505ab145d0a99da450461ae2c1a9f6cd10d1f447"

[[projects]]
  branch = "master"
  digest = "1:1a1ecfa7b54ca3f7a0115ab5c578d7d6a5d8b605839c549e80260468c42f8be7"
  name = "golang.org/x/net"
  packages = [
    "html",
    "html/atom",
  ]
  pruneopts = "UT"
  revision = "e147a9138326bc0e9d4e179541ffd8af41cff8a9"

[[projects]]
  branch = "master"
  digest = "1:b521f10a2d8fa85c04a8ef4e62f2d1e14d303599a55d64dabf9f5a02f84d35eb"
  name = "golang.org/x/sync"
  packages = ["errgroup"]
  pruneopts = "UT"
  revision = "42b317875d0fa942474b76e1b46a6060d720ae6e"

[[projects]]
  branch = "master"
  digest = "1:ba8cbf57cfd92d5f8592b4aca1a35d92c162363d32aeabd5b12555f8896635e7"
  name = "golang.org/x/sys"
  packages = [
    "unix",
    "windows",
  ]
  pruneopts = "UT"
  revision = "4d1cda033e0619309c606fc686de3adcf599539e"

[[projects]]
  branch = "master"
  digest = "1:57c454c228fe055726851a66d5ae6f417a821f74380b572f6beb54acd1cda76f"
  name = "golang.org/x/text"
  packages = [
    "encoding",
    "encoding/charmap",
    "encoding/htmlindex",
    "encoding/internal",
    "encoding/internal/identifier",
    "encoding/japanese",
    "encoding/korean",
    "encoding/simplifiedchinese",
    "encoding/traditionalchinese",
    "encoding/unicode",
    "internal/gen",
    "internal/language",
    "internal/language/compact",
    "internal/tag",
    "internal/triegen",
    "internal/ucd",
    "internal/utf8internal",
    "language",
    "runes",
    "transform",
    "unicode/cldr",
    "unicode/norm",
  ]
  pruneopts = "UT"
  revision = "17bcc049122f272a32787ba38073ee47433023e9"

[[projects]]
  branch = "master"
  digest = "1:5b2be400178fef3ca1cfada246f93548b6384982356d0b6a2705e626a6355911"
  name = "gonum.org/v1/gonum"
  packages = [
    "blas",
    "blas/blas64",
    "blas/gonum",
    "floats",
    "internal/asm/c128",
    "internal/asm/f32",
    "internal/asm/f64",
    "internal/math32",
    "lapack",
    "lapack/gonum",
    "lapack/lapack64",
    "mat",
  ]
  pruneopts = "UT"
  revision = "44a6721e0d61ae419d050c8542f1bea359d5ec24"

[[projects]]
  branch = "v3"
  digest = "1:7388652e2215a3f45d341d58766ed58317971030eb1cbd75f005f96ace8e9196"
  name = "gopkg.in/alexcesaro/quotedprintable.v3"
  packages = ["."]
  pruneopts = "UT"
  revision = "2caba252f4dc53eaf6b553000885530023f54623"

[[projects]]
  digest = "1:cbc72c4c4886a918d6ab4b95e347ffe259846260f99ebdd8a198c2331cf2b2e9"
  name = "gopkg.in/go-playground/validator.v8"
  packages = ["."]
  pruneopts = "UT"
  revision = "5f1438d3fca68893a817e4a66806cea46a9e4ebf"
  version = "v8.18.2"

[[projects]]
  digest = "1:85b60f4403e2aae0eee2ac2ba50e4124dea766b582c6ec0d94fb1335d9c0d16e"
  name = "gopkg.in/neurosnap/sentences.v1"
  packages = [
    ".",
    "data",
  ]
  pruneopts = "UT"
  revision = "a7f18ead1433a139742a8b42ce7a059cfb484d60"
  version = "v1.0.6"

[[projects]]
  digest = "1:bdce03a1ad3dbb484e748b871f7069cefe3a8e111296e494a58bc7145cfa112e"
  name = "gopkg.in/src-d/enry.v1"
  packages = [
    ".",
    "data",
    "internal/tokenizer",
    "regex",
  ]
  pruneopts = "UT"
  revision = "8953e0e19a9a08c69113f672fbd89f6082b379d5"
  version = "v1.6.7"

[[projects]]
  digest = "1:98e121dbd49eb03c58bd8ef3b76322b2fdc3676cf11fa0084bb17ff01b2aa704"
  name = "gopkg.in/toqueteos/substring.v1"
  packages = ["."]
  pruneopts = "UT"
  revision = "c5f61671513240ddf5563635cc4a90e9f3ae4710"
  version = "v1.0.2"

[[projects]]
  digest = "1:4d2e5a73dc1500038e504a8d78b986630e3626dc027bc030ba5c75da257cdb96"
  name = "gopkg.in/yaml.v2"
  packages = ["."]
  pruneopts = "UT"
  revision = "51d6538a90f86fe93ac480b35f37b2be17fef232"
  version = "v2.2.2"

[solve-meta]
  analyzer-name = "dep"
  analyzer-version = 1
  input-imports = [
    "github.com/DavidBelicza/TextRank",
    "github.com/DavidBelicza/TextRank/rank",
    "github.com/Shopify/sarama",
    "github.com/abadojack/whatlanggo",
    "github.com/ahmetb/go-linq",
    "github.com/alecthomas/chroma/quick",
    "github.com/awnumar/memguard",
    "github.com/blabber/mbox",
    "github.com/chrisport/go-lang-detector/langdet",
    "github.com/chrisport/go-lang-detector/langdet/langdetdef",
    "github.com/emersion/go-imap",
    "github.com/emersion/go-imap-compress",
    "github.com/emersion/go-imap-idle",
    "github.com/emersion/go-imap/client",
    "github.com/emersion/go-message/charset",
    "github.com/emersion/go-sasl",
    "github.com/emersion/go-smtp",
    "github.com/fsnotify/fsnotify",
    "github.com/gabriel-vasile/mimetype",
    "github.com/gin-gonic/gin",
    "github.com/go-cmd/cmd",
    "github.com/go-gomail/gomail",
    "github.com/go-redis/redis",
    "github.com/h2non/filetype",
    "github.com/h2non/filetype/matchers",
    "github.com/h2non/filetype/types",
    "github.com/inconshreveable/log15",
    "github.com/jaytaylor/html2text",
    "github.com/jdkato/prose",
    "github.com/jordic/goics",
    "github.com/kljensen/snowball",
    "github.com/mostlygeek/go-exiftool",
    "github.com/mvdan/xurls",
    "github.com/nwaples/rardecode",
    "github.com/oklog/ulid",
    "github.com/oschwald/geoip2-golang",
    "github.com/phalaaxx/milter",
    "github.com/pierrec/lz4",
    "github.com/pkg/errors",
    "github.com/prometheus/client_golang/prometheus",
    "github.com/prometheus/client_golang/prometheus/promhttp",
    "github.com/rafaeljesus/rabbus",
    "github.com/russross/blackfriday",
    "github.com/schollz/pake",
    "github.com/storozhukBM/verifier",
    "github.com/tinylib/msgp/msgp",
    "github.com/uber-go/atomic",
    "github.com/urfave/cli",
    "github.com/xi2/xz",
    "golang.org/x/crypto/nacl/secretbox",
    "golang.org/x/net/html",
    "golang.org/x/sync/errgroup",
    "golang.org/x/text/encoding/charmap",
    "golang.org/x/text/encoding/htmlindex",
    "golang.org/x/text/encoding/unicode",
    "golang.org/x/text/unicode/norm",
    "gopkg.in/src-d/enry.v1",
    "gopkg.in/src-d/enry.v1/data",
  ]
  solver-name = "gps-cdcl"
  solver-version = 1
